Microsoft Visual Studio Solution File, Format Version 12.00
# Visual Studio 15
VisualStudioVersion = 15.0.27130.2027
MinimumVisualStudioVersion = 10.0.40219.1
Project("{9A19103F-16F7-4668-BE54-9A1E7A4F7556}") = "environmator-cli", "src\environmator-cli.csproj", "{6F9D4CCC-CBBB-4438-A8CC-F8FD1A30BF95}"
EndProject
Project("{2150E333-8FDC-42A3-9474-1A3956D46DE8}") = "tests", "tests", "{84488979-EA4E-4E5B-831A-D329C5D470AA}"
EndProject
Project("{9A19103F-16F7-4668-BE54-9A1E7A4F7556}") = "environmator.tests", "tests\environmator.tests\environmator.tests.csproj", "{20079606-4DED-4856-A388-6C7CEDC6C602}"
EndProject
Global
	GlobalSection(SolutionConfigurationPlatforms) = preSolution
		Debug|Any CPU = Debug|Any CPU
		Debug|x64 = Debug|x64
		Debug|x86 = Debug|x86
		Release|Any CPU = Release|Any CPU
		Release|x64 = Release|x64
		Release|x86 = Release|x86
	EndGlobalSection
	GlobalSection(ProjectConfigurationPlatforms) = postSolution
		{6F9D4CCC-CBBB-4438-A8CC-F8FD1A30BF95}.Debug|Any CPU.ActiveCfg = Debug|Any CPU
		{6F9D4CCC-CBBB-4438-A8CC-F8FD1A30BF95}.Debug|Any CPU.Build.0 = Debug|Any CPU
		{6F9D4CCC-CBBB-4438-A8CC-F8FD1A30BF95}.Debug|x64.ActiveCfg = Debug|Any CPU
		{6F9D4CCC-CBBB-4438-A8CC-F8FD1A30BF95}.Debug|x64.Build.0 = Debug|Any CPU
		{6F9D4CCC-CBBB-4438-A8CC-F8FD1A30BF95}.Debug|x86.ActiveCfg = Debug|Any CPU
		{6F9D4CCC-CBBB-4438-A8CC-F8FD1A30BF95}.Debug|x86.Build.0 = Debug|Any CPU
		{6F9D4CCC-CBBB-4438-A8CC-F8FD1A30BF95}.Release|Any CPU.ActiveCfg = Release|Any CPU
		{6F9D4CCC-CBBB-4438-A8CC-F8FD1A30BF95}.Release|Any CPU.Build.0 = Release|Any CPU
		{6F9D4CCC-CBBB-4438-A8CC-F8FD1A30BF95}.Release|x64.ActiveCfg = Release|Any CPU
		{6F9D4CCC-CBBB-4438-A8CC-F8FD1A30BF95}.Release|x64.Build.0 = Release|Any CPU
		{6F9D4CCC-CBBB-4438-A8CC-F8FD1A30BF95}.Release|x86.ActiveCfg = Release|Any CPU
		{6F9D4CCC-CBBB-4438-A8CC-F8FD1A30BF95}.Release|x86.Build.0 = Release|Any CPU
		{20079606-4DED-4856-A388-6C7CEDC6C602}.Debug|Any CPU.ActiveCfg = Debug|Any CPU
		{20079606-4DED-4856-A388-6C7CEDC6C602}.Debug|Any CPU.Build.0 = Debug|Any CPU
		{20079606-4DED-4856-A388-6C7CEDC6C602}.Debug|x64.ActiveCfg = Debug|Any CPU
		{20079606-4DED-4856-A388-6C7CEDC6C602}.Debug|x64.Build.0 = Debug|Any CPU
		{20079606-4DED-4856-A388-6C7CEDC6C602}.Debug|x86.ActiveCfg = Debug|Any CPU
		{20079606-4DED-4856-A388-6C7CEDC6C602}.Debug|x86.Build.0 = Debug|Any CPU
		{20079606-4DED-4856-A388-6C7CEDC6C602}.Release|Any CPU.ActiveCfg = Release|Any CPU
		{20079606-4DED-4856-A388-6C7CEDC6C602}.Release|Any CPU.Build.0 = Release|Any CPU
		{20079606-4DED-4856-A388-6C7CEDC6C602}.Release|x64.ActiveCfg = Release|Any CPU
		{20079606-4DED-4856-A388-6C7CEDC6C602}.Release|x64.Build.0 = Release|Any CPU
		{20079606-4DED-4856-A388-6C7CEDC6C602}.Release|x86.ActiveCfg = Release|Any CPU
		{20079606-4DED-4856-A388-6C7CEDC6C602}.Release|x86.Build.0 = Release|Any CPU
	EndGlobalSection
	GlobalSection(SolutionProperties) = preSolution
		HideSolutionNode = FALSE
	EndGlobalSection
	GlobalSection(NestedProjects) = preSolution
		{20079606-4DED-4856-A388-6C7CEDC6C602} = {84488979-EA4E-4E5B-831A-D329C5D470AA}
	EndGlobalSection
	GlobalSection(ExtensibilityGlobals) = postSolution
		SolutionGuid = {FE18DE2E-83AC-4F43-ABFD-A7E2A381AE09}
	EndGlobalSection
EndGlobal
